// !$*UTF8*$!
{
	archiveVersion = 1;
	classes = {
	};
	objectVersion = 46;
	objects = {

/* Begin PBXBuildFile section */
		500C841A1BF3D34600B932FC /* arrow.png in Resources */ = {isa = PBXBuildFile; fileRef = 500C84191BF3D34600B932FC /* arrow.png */; };
		500C841D1BF3D7C500B932FC /* Main.swift in Sources */ = {isa = PBXBuildFile; fileRef = 500C841C1BF3D7C500B932FC /* Main.swift */; };
		500C842F1BF44E6300B932FC /* Waypoint.swift in Sources */ = {isa = PBXBuildFile; fileRef = 500C842E1BF44E6300B932FC /* Waypoint.swift */; };
		500C84311BF48FDF00B932FC /* icon2x.png in Resources */ = {isa = PBXBuildFile; fileRef = 500C84301BF48FDF00B932FC /* icon2x.png */; };
		50145A9A1BF4ADA100FCD6B3 /* CreatePlace.swift in Sources */ = {isa = PBXBuildFile; fileRef = 50145A991BF4ADA100FCD6B3 /* CreatePlace.swift */; };
		50145AA01BF933B600FCD6B3 /* CreatePerson.swift in Sources */ = {isa = PBXBuildFile; fileRef = 50145A9F1BF933B600FCD6B3 /* CreatePerson.swift */; };
		50145AA21BF9560F00FCD6B3 /* Contact.swift in Sources */ = {isa = PBXBuildFile; fileRef = 50145AA11BF9560F00FCD6B3 /* Contact.swift */; };
		504319151BF2E18F00AF630C /* AppDelegate.swift in Sources */ = {isa = PBXBuildFile; fileRef = 504319141BF2E18F00AF630C /* AppDelegate.swift */; };
		5043191A1BF2E18F00AF630C /* Main.storyboard in Resources */ = {isa = PBXBuildFile; fileRef = 504319181BF2E18F00AF630C /* Main.storyboard */; };
		5043191C1BF2E18F00AF630C /* Assets.xcassets in Resources */ = {isa = PBXBuildFile; fileRef = 5043191B1BF2E18F00AF630C /* Assets.xcassets */; };
		5043191F1BF2E18F00AF630C /* LaunchScreen.storyboard in Resources */ = {isa = PBXBuildFile; fileRef = 5043191D1BF2E18F00AF630C /* LaunchScreen.storyboard */; };
		504319271BF3279B00AF630C /* Detail.swift in Sources */ = {isa = PBXBuildFile; fileRef = 504319261BF3279B00AF630C /* Detail.swift */; };
		5056204E1BFE5F5E00E3F30B /* arrowShadow.png in Resources */ = {isa = PBXBuildFile; fileRef = 5056204D1BFE5F5E00E3F30B /* arrowShadow.png */; };
/* End PBXBuildFile section */

/* Begin PBXFileReference section */
		500C84191BF3D34600B932FC /* arrow.png */ = {isa = PBXFileReference; lastKnownFileType = image.png; name = arrow.png; path = Market/arrow.png; sourceTree = "<group>"; };
		500C841C1BF3D7C500B932FC /* Main.swift */ = {isa = PBXFileReference; fileEncoding = 4; lastKnownFileType = sourcecode.swift; path = Main.swift; sourceTree = "<group>"; };
		500C842E1BF44E6300B932FC /* Waypoint.swift */ = {isa = PBXFileReference; fileEncoding = 4; lastKnownFileType = sourcecode.swift; path = Waypoint.swift; sourceTree = "<group>"; };
		500C84301BF48FDF00B932FC /* icon2x.png */ = {isa = PBXFileReference; lastKnownFileType = image.png; name = icon2x.png; path = Market/icon2x.png; sourceTree = "<group>"; };
		50145A991BF4ADA100FCD6B3 /* CreatePlace.swift */ = {isa = PBXFileReference; fileEncoding = 4; lastKnownFileType = sourcecode.swift; path = CreatePlace.swift; sourceTree = "<group>"; };
		50145A9F1BF933B600FCD6B3 /* CreatePerson.swift */ = {isa = PBXFileReference; fileEncoding = 4; lastKnownFileType = sourcecode.swift; path = CreatePerson.swift; sourceTree = "<group>"; };
		50145AA11BF9560F00FCD6B3 /* Contact.swift */ = {isa = PBXFileReference; fileEncoding = 4; lastKnownFileType = sourcecode.swift; path = Contact.swift; sourceTree = "<group>"; };
		504319111BF2E18F00AF630C /* Waypoint.app */ = {isa = PBXFileReference; explicitFileType = wrapper.application; includeInIndex = 0; path = Waypoint.app; sourceTree = BUILT_PRODUCTS_DIR; };
		504319141BF2E18F00AF630C /* AppDelegate.swift */ = {isa = PBXFileReference; lastKnownFileType = sourcecode.swift; path = AppDelegate.swift; sourceTree = "<group>"; };
		504319191BF2E18F00AF630C /* Base */ = {isa = PBXFileReference; lastKnownFileType = file.storyboard; name = Base; path = Base.lproj/Main.storyboard; sourceTree = "<group>"; };
		5043191B1BF2E18F00AF630C /* Assets.xcassets */ = {isa = PBXFileReference; lastKnownFileType = folder.assetcatalog; path = Assets.xcassets; sourceTree = "<group>"; };
		5043191E1BF2E18F00AF630C /* Base */ = {isa = PBXFileReference; lastKnownFileType = file.storyboard; name = Base; path = Base.lproj/LaunchScreen.storyboard; sourceTree = "<group>"; };
		504319201BF2E18F00AF630C /* Info.plist */ = {isa = PBXFileReference; lastKnownFileType = text.plist.xml; path = Info.plist; sourceTree = "<group>"; };
		504319261BF3279B00AF630C /* Detail.swift */ = {isa = PBXFileReference; fileEncoding = 4; lastKnownFileType = sourcecode.swift; path = Detail.swift; sourceTree = "<group>"; };
		5056204D1BFE5F5E00E3F30B /* arrowShadow.png */ = {isa = PBXFileReference; lastKnownFileType = image.png; name = arrowShadow.png; path = Market/arrowShadow.png; sourceTree = "<group>"; };
/* End PBXFileReference section */

/* Begin PBXFrameworksBuildPhase section */
		5043190E1BF2E18F00AF630C /* Frameworks */ = {
			isa = PBXFrameworksBuildPhase;
			buildActionMask = 2147483647;
			files = (
			);
			runOnlyForDeploymentPostprocessing = 0;
		};
/* End PBXFrameworksBuildPhase section */

/* Begin PBXGroup section */
		500C841B1BF3D3A400B932FC /* Images */ = {
			isa = PBXGroup;
			children = (
				500C84301BF48FDF00B932FC /* icon2x.png */,
				5056204D1BFE5F5E00E3F30B /* arrowShadow.png */,
				500C84191BF3D34600B932FC /* arrow.png */,
			);
			name = Images;
			sourceTree = "<group>";
		};
		504319081BF2E18F00AF630C = {
			isa = PBXGroup;
			children = (
				500C841B1BF3D3A400B932FC /* Images */,
				504319131BF2E18F00AF630C /* Market */,
				504319121BF2E18F00AF630C /* Products */,
			);
			sourceTree = "<group>";
		};
		504319121BF2E18F00AF630C /* Products */ = {
			isa = PBXGroup;
			children = (
				504319111BF2E18F00AF630C /* Waypoint.app */,
			);
			name = Products;
			sourceTree = "<group>";
		};
		504319131BF2E18F00AF630C /* Market */ = {
			isa = PBXGroup;
			children = (
				5043191D1BF2E18F00AF630C /* LaunchScreen.storyboard */,
				504319181BF2E18F00AF630C /* Main.storyboard */,
				500C841C1BF3D7C500B932FC /* Main.swift */,
				504319261BF3279B00AF630C /* Detail.swift */,
				50145A991BF4ADA100FCD6B3 /* CreatePlace.swift */,
				50145A9F1BF933B600FCD6B3 /* CreatePerson.swift */,
				50145AA11BF9560F00FCD6B3 /* Contact.swift */,
				500C842E1BF44E6300B932FC /* Waypoint.swift */,
				504319141BF2E18F00AF630C /* AppDelegate.swift */,
				5043191B1BF2E18F00AF630C /* Assets.xcassets */,
				504319201BF2E18F00AF630C /* Info.plist */,
			);
			path = Market;
			sourceTree = "<group>";
		};
/* End PBXGroup section */

/* Begin PBXNativeTarget section */
		504319101BF2E18F00AF630C /* Waypoint */ = {
			isa = PBXNativeTarget;
			buildConfigurationList = 504319231BF2E18F00AF630C /* Build configuration list for PBXNativeTarget "Waypoint" */;
			buildPhases = (
				5043190D1BF2E18F00AF630C /* Sources */,
				5043190E1BF2E18F00AF630C /* Frameworks */,
				5043190F1BF2E18F00AF630C /* Resources */,
			);
			buildRules = (
			);
			dependencies = (
			);
			name = Waypoint;
			productName = Market;
			productReference = 504319111BF2E18F00AF630C /* Waypoint.app */;
			productType = "com.apple.product-type.application";
		};
/* End PBXNativeTarget section */

/* Begin PBXProject section */
		504319091BF2E18F00AF630C /* Project object */ = {
			isa = PBXProject;
			attributes = {
				LastSwiftUpdateCheck = 0710;
				LastUpgradeCheck = 0710;
				ORGANIZATIONNAME = "Matthew Helms";
				TargetAttributes = {
					504319101BF2E18F00AF630C = {
						CreatedOnToolsVersion = 7.1.1;
						DevelopmentTeam = 74FJU2Y8UT;
					};
				};
			};
			buildConfigurationList = 5043190C1BF2E18F00AF630C /* Build configuration list for PBXProject "Waypoint" */;
			compatibilityVersion = "Xcode 3.2";
			developmentRegion = English;
			hasScannedForEncodings = 0;
			knownRegions = (
				en,
				Base,
			);
			mainGroup = 504319081BF2E18F00AF630C;
			productRefGroup = 504319121BF2E18F00AF630C /* Products */;
			projectDirPath = "";
			projectRoot = "";
			targets = (
				504319101BF2E18F00AF630C /* Waypoint */,
			);
		};
/* End PBXProject section */

/* Begin PBXResourcesBuildPhase section */
		5043190F1BF2E18F00AF630C /* Resources */ = {
			isa = PBXResourcesBuildPhase;
			buildActionMask = 2147483647;
			files = (
				5043191F1BF2E18F00AF630C /* LaunchScreen.storyboard in Resources */,
				500C84311BF48FDF00B932FC /* icon2x.png in Resources */,
				500C841A1BF3D34600B932FC /* arrow.png in Resources */,
				5043191C1BF2E18F00AF630C /* Assets.xcassets in Resources */,
				5043191A1BF2E18F00AF630C /* Main.storyboard in Resources */,
				5056204E1BFE5F5E00E3F30B /* arrowShadow.png in Resources */,
			);
			runOnlyForDeploymentPostprocessing = 0;
		};
/* End PBXResourcesBuildPhase section */

/* Begin PBXSourcesBuildPhase section */
		5043190D1BF2E18F00AF630C /* Sources */ = {
			isa = PBXSourcesBuildPhase;
			buildActionMask = 2147483647;
			files = (
				500C842F1BF44E6300B932FC /* Waypoint.swift in Sources */,
				50145AA01BF933B600FCD6B3 /* CreatePerson.swift in Sources */,
				504319151BF2E18F00AF630C /* AppDelegate.swift in Sources */,
				500C841D1BF3D7C500B932FC /* Main.swift in Sources */,
				50145A9A1BF4ADA100FCD6B3 /* CreatePlace.swift in Sources */,
				504319271BF3279B00AF630C /* Detail.swift in Sources */,
				50145AA21BF9560F00FCD6B3 /* Contact.swift in Sources */,
			);
			runOnlyForDeploymentPostprocessing = 0;
		};
/* End PBXSourcesBuildPhase section */

/* Begin PBXVariantGroup section */
		504319181BF2E18F00AF630C /* Main.storyboard */ = {
			isa = PBXVariantGroup;
			children = (
				504319191BF2E18F00AF630C /* Base */,
			);
			name = Main.storyboard;
			sourceTree = "<group>";
		};
		5043191D1BF2E18F00AF630C /* LaunchScreen.storyboard */ = {
			isa = PBXVariantGroup;
			children = (
				5043191E1BF2E18F00AF630C /* Base */,
			);
			name = LaunchScreen.storyboard;
			sourceTree = "<group>";
		};
/* End PBXVariantGroup section */

/* Begin XCBuildConfiguration section */
		504319211BF2E18F00AF630C /* Debug */ = {
			isa = XCBuildConfiguration;
			buildSettings = {
				ALWAYS_SEARCH_USER_PATHS = NO;
				CLANG_CXX_LANGUAGE_STANDARD = "gnu++0x";
				CLANG_CXX_LIBRARY = "libc++";
				CLANG_ENABLE_MODULES = YES;
				CLANG_ENABLE_OBJC_ARC = YES;
				CLANG_WARN_BOOL_CONVERSION = YES;
				CLANG_WARN_CONSTANT_CONVERSION = YES;
				CLANG_WARN_DIRECT_OBJC_ISA_USAGE = YES_ERROR;
				CLANG_WARN_EMPTY_BODY = YES;
				CLANG_WARN_ENUM_CONVERSION = YES;
				CLANG_WARN_INT_CONVERSION = YES;
				CLANG_WARN_OBJC_ROOT_CLASS = YES_ERROR;
				CLANG_WARN_UNREACHABLE_CODE = YES;
				CLANG_WARN__DUPLICATE_METHOD_MATCH = YES;
				"CODE_SIGN_IDENTITY[sdk=iphoneos*]" = "iPhone Developer";
				COPY_PHASE_STRIP = NO;
				DEBUG_INFORMATION_FORMAT = dwarf;
				ENABLE_STRICT_OBJC_MSGSEND = YES;
				ENABLE_TESTABILITY = YES;
				GCC_C_LANGUAGE_STANDARD = gnu99;
				GCC_DYNAMIC_NO_PIC = NO;
				GCC_NO_COMMON_BLOCKS = YES;
				GCC_OPTIMIZATION_LEVEL = 0;
				GCC_PREPROCESSOR_DEFINITIONS = (
					"DEBUG=1",
					"$(inherited)",
				);
				GCC_WARN_64_TO_32_BIT_CONVERSION = YES;
				GCC_WARN_ABOUT_RETURN_TYPE = YES_ERROR;
				GCC_WARN_UNDECLARED_SELECTOR = YES;
				GCC_WARN_UNINITIALIZED_AUTOS = YES_AGGRESSIVE;
				GCC_WARN_UNUSED_FUNCTION = YES;
				GCC_WARN_UNUSED_VARIABLE = YES;
				IPHONEOS_DEPLOYMENT_TARGET = 9.1;
				MTL_ENABLE_DEBUG_INFO = YES;
				ONLY_ACTIVE_ARCH = YES;
				SDKROOT = iphoneos;
				SWIFT_OPTIMIZATION_LEVEL = "-Onone";
			};
			name = Debug;
		};
		504319221BF2E18F00AF630C /* Release */ = {
			isa = XCBuildConfiguration;
			buildSettings = {
				ALWAYS_SEARCH_USER_PATHS = NO;
				CLANG_CXX_LANGUAGE_STANDARD = "gnu++0x";
				CLANG_CXX_LIBRARY = "libc++";
				CLANG_ENABLE_MODULES = YES;
				CLANG_ENABLE_OBJC_ARC = YES;
				CLANG_WARN_BOOL_CONVERSION = YES;
				CLANG_WARN_CONSTANT_CONVERSION = YES;
				CLANG_WARN_DIRECT_OBJC_ISA_USAGE = YES_ERROR;
				CLANG_WARN_EMPTY_BODY = YES;
				CLANG_WARN_ENUM_CONVERSION = YES;
				CLANG_WARN_INT_CONVERSION = YES;
				CLANG_WARN_OBJC_ROOT_CLASS = YES_ERROR;
				CLANG_WARN_UNREACHABLE_CODE = YES;
				CLANG_WARN__DUPLICATE_METHOD_MATCH = YES;
				"CODE_SIGN_IDENTITY[sdk=iphoneos*]" = "iPhone Developer";
				COPY_PHASE_STRIP = NO;
				DEBUG_INFORMATION_FORMAT = "dwarf-with-dsym";
				ENABLE_NS_ASSERTIONS = NO;
				ENABLE_STRICT_OBJC_MSGSEND = YES;
				GCC_C_LANGUAGE_STANDARD = gnu99;
				GCC_NO_COMMON_BLOCKS = YES;
				GCC_WARN_64_TO_32_BIT_CONVERSION = YES;
				GCC_WARN_ABOUT_RETURN_TYPE = YES_ERROR;
				GCC_WARN_UNDECLARED_SELECTOR = YES;
				GCC_WARN_UNINITIALIZED_AUTOS = YES_AGGRESSIVE;
				GCC_WARN_UNUSED_FUNCTION = YES;
				GCC_WARN_UNUSED_VARIABLE = YES;
				IPHONEOS_DEPLOYMENT_TARGET = 9.1;
				MTL_ENABLE_DEBUG_INFO = NO;
				SDKROOT = iphoneos;
				VALIDATE_PRODUCT = YES;
			};
			name = Release;
		};
		504319241BF2E18F00AF630C /* Debug */ = {
			isa = XCBuildConfiguration;
			buildSettings = {
				ASSETCATALOG_COMPILER_APPICON_NAME = AppIcon;
				CODE_SIGN_IDENTITY = "iPhone Developer";
				INFOPLIST_FILE = Market/Info.plist;
				IPHONEOS_DEPLOYMENT_TARGET = 9.2;
				LD_RUNPATH_SEARCH_PATHS = "$(inherited) @executable_path/Frameworks";
				PRODUCT_BUNDLE_IDENTIFIER = Melms.Waypoint;
				PRODUCT_NAME = Waypoint;
			};
			name = Debug;
		};
		504319251BF2E18F00AF630C /* Release */ = {
			isa = XCBuildConfiguration;
			buildSettings = {
				ASSETCATALOG_COMPILER_APPICON_NAME = AppIcon;
				CODE_SIGN_IDENTITY = "iPhone Developer";
				DEBUG_INFORMATION_FORMAT = dwarf;
				INFOPLIST_FILE = Market/Info.plist;
				IPHONEOS_DEPLOYMENT_TARGET = 9.2;
				LD_RUNPATH_SEARCH_PATHS = "$(inherited) @executable_path/Frameworks";
				PRODUCT_BUNDLE_IDENTIFIER = Melms.Waypoint;
				PRODUCT_NAME = Waypoint;
			};
			name = Release;
		};
/* End XCBuildConfiguration section */

/* Begin XCConfigurationList section */
		5043190C1BF2E18F00AF630C /* Build configuration list for PBXProject "Waypoint" */ = {
			isa = XCConfigurationList;
			buildConfigurations = (
				504319211BF2E18F00AF630C /* Debug */,
				504319221BF2E18F00AF630C /* Release */,
			);
			defaultConfigurationIsVisible = 0;
			defaultConfigurationName = Release;
		};
		504319231BF2E18F00AF630C /* Build configuration list for PBXNativeTarget "Waypoint" */ = {
			isa = XCConfigurationList;
			buildConfigurations = (
				504319241BF2E18F00AF630C /* Debug */,
				504319251BF2E18F00AF630C /* Release */,
			);
			defaultConfigurationIsVisible = 0;
			defaultConfigurationName = Release;
		};
/* End XCConfigurationList section */
	};
	rootObject = 504319091BF2E18F00AF630C /* Project object */;
}
